
Microsoft Visual Studio Solution File, Format Version 12.00
# Visual Studio Version 16
VisualStudioVersion = 16.0.28803.352
MinimumVisualStudioVersion = 10.0.40219.1
Project("{FAE04EC0-301F-11D3-BF4B-00C04F79EFBC}") = "Assignment01_Receipes", "Assignment01_Receipes\Assignment01_Receipes.csproj", "{A45B149E-A2B7-4110-A31C-7A5A5D5A836D}"
EndProject
Global
	GlobalSection(SolutionConfigurationPlatforms) = preSolution
		Debug|Any CPU = Debug|Any CPU
		Release|Any CPU = Release|Any CPU
	EndGlobalSection
	GlobalSection(ProjectConfigurationPlatforms) = postSolution
		{A45B149E-A2B7-4110-A31C-7A5A5D5A836D}.Debug|Any CPU.ActiveCfg = Debug|Any CPU
		{A45B149E-A2B7-4110-A31C-7A5A5D5A836D}.Debug|Any CPU.Build.0 = Debug|Any CPU
		{A45B149E-A2B7-4110-A31C-7A5A5D5A836D}.Release|Any CPU.ActiveCfg = Release|Any CPU
		{A45B149E-A2B7-4110-A31C-7A5A5D5A836D}.Release|Any CPU.Build.0 = Release|Any CPU
	EndGlobalSection
	GlobalSection(SolutionProperties) = preSolution
		HideSolutionNode = FALSE
	EndGlobalSection
	GlobalSection(ExtensibilityGlobals) = postSolution
		SolutionGuid = {49A75D04-B085-45DF-9820-DE3815AAE7F7}
	EndGlobalSection
EndGlobal
